
Microsoft Visual Studio Solution File, Format Version 12.00
# Visual Studio Version 17
VisualStudioVersion = 17.3.32519.111
MinimumVisualStudioVersion = 10.0.40219.1
Project("{FAE04EC0-301F-11D3-BF4B-00C04F79EFBC}") = "Scorecard", "scorecard\Scorecard.csproj", "{19350F3F-104B-4B8D-AB8C-4CFF4A39D3C0}"
EndProject
Project("{FAE04EC0-301F-11D3-BF4B-00C04F79EFBC}") = "Scorecard.Data", "Scorecard.Data\Scorecard.Data.csproj", "{20704FC1-D32A-41CB-A74B-47EBD77DF081}"
EndProject
Project("{FAE04EC0-301F-11D3-BF4B-00C04F79EFBC}") = "Scorecard.Core", "Scorecard.Core\Scorecard.Core.csproj", "{0D951234-C1AC-414F-93E7-249EDCD1E9CB}"
EndProject
Global
	GlobalSection(SolutionConfigurationPlatforms) = preSolution
		Debug|Any CPU = Debug|Any CPU
		Release|Any CPU = Release|Any CPU
	EndGlobalSection
	GlobalSection(ProjectConfigurationPlatforms) = postSolution
		{19350F3F-104B-4B8D-AB8C-4CFF4A39D3C0}.Debug|Any CPU.ActiveCfg = Debug|Any CPU
		{19350F3F-104B-4B8D-AB8C-4CFF4A39D3C0}.Debug|Any CPU.Build.0 = Debug|Any CPU
		{19350F3F-104B-4B8D-AB8C-4CFF4A39D3C0}.Release|Any CPU.ActiveCfg = Release|Any CPU
		{19350F3F-104B-4B8D-AB8C-4CFF4A39D3C0}.Release|Any CPU.Build.0 = Release|Any CPU
		{20704FC1-D32A-41CB-A74B-47EBD77DF081}.Debug|Any CPU.ActiveCfg = Debug|Any CPU
		{20704FC1-D32A-41CB-A74B-47EBD77DF081}.Debug|Any CPU.Build.0 = Debug|Any CPU
		{20704FC1-D32A-41CB-A74B-47EBD77DF081}.Release|Any CPU.ActiveCfg = Release|Any CPU
		{20704FC1-D32A-41CB-A74B-47EBD77DF081}.Release|Any CPU.Build.0 = Release|Any CPU
		{0D951234-C1AC-414F-93E7-249EDCD1E9CB}.Debug|Any CPU.ActiveCfg = Debug|Any CPU
		{0D951234-C1AC-414F-93E7-249EDCD1E9CB}.Debug|Any CPU.Build.0 = Debug|Any CPU
		{0D951234-C1AC-414F-93E7-249EDCD1E9CB}.Release|Any CPU.ActiveCfg = Release|Any CPU
		{0D951234-C1AC-414F-93E7-249EDCD1E9CB}.Release|Any CPU.Build.0 = Release|Any CPU
	EndGlobalSection
	GlobalSection(SolutionProperties) = preSolution
		HideSolutionNode = FALSE
	EndGlobalSection
	GlobalSection(ExtensibilityGlobals) = postSolution
		SolutionGuid = {3D79A2E7-C40E-4925-B609-5FCE86C846EE}
	EndGlobalSection
EndGlobal
