
Microsoft Visual Studio Solution File, Format Version 12.00
# Visual Studio Version 17
VisualStudioVersion = 17.3.32519.111
MinimumVisualStudioVersion = 10.0.40219.1
Project("{9A19103F-16F7-4668-BE54-9A1E7A4F7556}") = "Scorecard.Data", "Scorecard.Data\Scorecard.Data.csproj", "{20704FC1-D32A-41CB-A74B-47EBD77DF081}"
EndProject
Project("{9A19103F-16F7-4668-BE54-9A1E7A4F7556}") = "Scorecard.Core", "Scorecard.Core\Scorecard.Core.csproj", "{0D951234-C1AC-414F-93E7-249EDCD1E9CB}"
EndProject
Project("{9A19103F-16F7-4668-BE54-9A1E7A4F7556}") = "Scorecard.Applicatioin", "Scorecard.Applicatioin\Scorecard.Applicatioin.csproj", "{B6F41105-6F1A-4FB8-97AB-318AF5442198}"
EndProject
Project("{9A19103F-16F7-4668-BE54-9A1E7A4F7556}") = "Scorecard.QueryHandler", "Scorecard.QueryHandler\Scorecard.QueryHandler.csproj", "{CA3A9E30-3D59-4A7E-8460-8A48C5AC4F10}"
EndProject
Project("{9A19103F-16F7-4668-BE54-9A1E7A4F7556}") = "Scorecard.Business", "Scorecard.Business\Scorecard.Business.csproj", "{229DBA75-A9BF-4CBA-9EBC-A91CF599E088}"
EndProject
Project("{9A19103F-16F7-4668-BE54-9A1E7A4F7556}") = "Scorecard.Validators", "Scorecard.Validators\Scorecard.Validators.csproj", "{7239DD1E-E895-46A6-BE61-3F06660DE725}"
EndProject
Project("{9A19103F-16F7-4668-BE54-9A1E7A4F7556}") = "Scorecard.Web.Api", "Scorecard.Web.Api\Scorecard.Web.Api.csproj", "{0CE69999-0F7F-4ECA-9B0F-8946EE9151B5}"
EndProject
Project("{9A19103F-16F7-4668-BE54-9A1E7A4F7556}") = "Scorecard.CommandHandler", "Scorecard.CommandHandler\Scorecard.CommandHandler.csproj", "{921C176B-655C-474D-BA7C-7FEBBA48746C}"
EndProject
Project("{2150E333-8FDC-42A3-9474-1A3956D46DE8}") = "Handler", "Handler", "{E9C2A01B-9F26-4216-9CE9-BA2F5EE53286}"
EndProject
Project("{9A19103F-16F7-4668-BE54-9A1E7A4F7556}") = "Scorecard.MemoryCache", "ReverseProxy.MemoryCache\Scorecard.MemoryCache.csproj", "{9607D4CC-48A2-4EC1-98C5-E89246F8689A}"
EndProject
Project("{2150E333-8FDC-42A3-9474-1A3956D46DE8}") = "Backend", "Backend", "{7F0E53FB-559F-4FD4-A51E-6191979BF6D2}"
EndProject
Global
	GlobalSection(SolutionConfigurationPlatforms) = preSolution
		Debug|Any CPU = Debug|Any CPU
		Release|Any CPU = Release|Any CPU
	EndGlobalSection
	GlobalSection(ProjectConfigurationPlatforms) = postSolution
		{20704FC1-D32A-41CB-A74B-47EBD77DF081}.Debug|Any CPU.ActiveCfg = Debug|Any CPU
		{20704FC1-D32A-41CB-A74B-47EBD77DF081}.Debug|Any CPU.Build.0 = Debug|Any CPU
		{20704FC1-D32A-41CB-A74B-47EBD77DF081}.Release|Any CPU.ActiveCfg = Release|Any CPU
		{20704FC1-D32A-41CB-A74B-47EBD77DF081}.Release|Any CPU.Build.0 = Release|Any CPU
		{0D951234-C1AC-414F-93E7-249EDCD1E9CB}.Debug|Any CPU.ActiveCfg = Debug|Any CPU
		{0D951234-C1AC-414F-93E7-249EDCD1E9CB}.Debug|Any CPU.Build.0 = Debug|Any CPU
		{0D951234-C1AC-414F-93E7-249EDCD1E9CB}.Release|Any CPU.ActiveCfg = Release|Any CPU
		{0D951234-C1AC-414F-93E7-249EDCD1E9CB}.Release|Any CPU.Build.0 = Release|Any CPU
		{B6F41105-6F1A-4FB8-97AB-318AF5442198}.Debug|Any CPU.ActiveCfg = Debug|Any CPU
		{B6F41105-6F1A-4FB8-97AB-318AF5442198}.Debug|Any CPU.Build.0 = Debug|Any CPU
		{B6F41105-6F1A-4FB8-97AB-318AF5442198}.Release|Any CPU.ActiveCfg = Release|Any CPU
		{B6F41105-6F1A-4FB8-97AB-318AF5442198}.Release|Any CPU.Build.0 = Release|Any CPU
		{CA3A9E30-3D59-4A7E-8460-8A48C5AC4F10}.Debug|Any CPU.ActiveCfg = Debug|Any CPU
		{CA3A9E30-3D59-4A7E-8460-8A48C5AC4F10}.Debug|Any CPU.Build.0 = Debug|Any CPU
		{CA3A9E30-3D59-4A7E-8460-8A48C5AC4F10}.Release|Any CPU.ActiveCfg = Release|Any CPU
		{CA3A9E30-3D59-4A7E-8460-8A48C5AC4F10}.Release|Any CPU.Build.0 = Release|Any CPU
		{229DBA75-A9BF-4CBA-9EBC-A91CF599E088}.Debug|Any CPU.ActiveCfg = Debug|Any CPU
		{229DBA75-A9BF-4CBA-9EBC-A91CF599E088}.Debug|Any CPU.Build.0 = Debug|Any CPU
		{229DBA75-A9BF-4CBA-9EBC-A91CF599E088}.Release|Any CPU.ActiveCfg = Release|Any CPU
		{229DBA75-A9BF-4CBA-9EBC-A91CF599E088}.Release|Any CPU.Build.0 = Release|Any CPU
		{7239DD1E-E895-46A6-BE61-3F06660DE725}.Debug|Any CPU.ActiveCfg = Debug|Any CPU
		{7239DD1E-E895-46A6-BE61-3F06660DE725}.Debug|Any CPU.Build.0 = Debug|Any CPU
		{7239DD1E-E895-46A6-BE61-3F06660DE725}.Release|Any CPU.ActiveCfg = Release|Any CPU
		{7239DD1E-E895-46A6-BE61-3F06660DE725}.Release|Any CPU.Build.0 = Release|Any CPU
		{0CE69999-0F7F-4ECA-9B0F-8946EE9151B5}.Debug|Any CPU.ActiveCfg = Debug|Any CPU
		{0CE69999-0F7F-4ECA-9B0F-8946EE9151B5}.Debug|Any CPU.Build.0 = Debug|Any CPU
		{0CE69999-0F7F-4ECA-9B0F-8946EE9151B5}.Release|Any CPU.ActiveCfg = Release|Any CPU
		{0CE69999-0F7F-4ECA-9B0F-8946EE9151B5}.Release|Any CPU.Build.0 = Release|Any CPU
		{921C176B-655C-474D-BA7C-7FEBBA48746C}.Debug|Any CPU.ActiveCfg = Debug|Any CPU
		{921C176B-655C-474D-BA7C-7FEBBA48746C}.Debug|Any CPU.Build.0 = Debug|Any CPU
		{921C176B-655C-474D-BA7C-7FEBBA48746C}.Release|Any CPU.ActiveCfg = Release|Any CPU
		{921C176B-655C-474D-BA7C-7FEBBA48746C}.Release|Any CPU.Build.0 = Release|Any CPU
		{9607D4CC-48A2-4EC1-98C5-E89246F8689A}.Debug|Any CPU.ActiveCfg = Debug|Any CPU
		{9607D4CC-48A2-4EC1-98C5-E89246F8689A}.Debug|Any CPU.Build.0 = Debug|Any CPU
		{9607D4CC-48A2-4EC1-98C5-E89246F8689A}.Release|Any CPU.ActiveCfg = Release|Any CPU
		{9607D4CC-48A2-4EC1-98C5-E89246F8689A}.Release|Any CPU.Build.0 = Release|Any CPU
	EndGlobalSection
	GlobalSection(SolutionProperties) = preSolution
		HideSolutionNode = FALSE
	EndGlobalSection
	GlobalSection(NestedProjects) = preSolution
		{20704FC1-D32A-41CB-A74B-47EBD77DF081} = {7F0E53FB-559F-4FD4-A51E-6191979BF6D2}
		{0D951234-C1AC-414F-93E7-249EDCD1E9CB} = {7F0E53FB-559F-4FD4-A51E-6191979BF6D2}
		{B6F41105-6F1A-4FB8-97AB-318AF5442198} = {7F0E53FB-559F-4FD4-A51E-6191979BF6D2}
		{CA3A9E30-3D59-4A7E-8460-8A48C5AC4F10} = {E9C2A01B-9F26-4216-9CE9-BA2F5EE53286}
		{229DBA75-A9BF-4CBA-9EBC-A91CF599E088} = {7F0E53FB-559F-4FD4-A51E-6191979BF6D2}
		{7239DD1E-E895-46A6-BE61-3F06660DE725} = {7F0E53FB-559F-4FD4-A51E-6191979BF6D2}
		{921C176B-655C-474D-BA7C-7FEBBA48746C} = {E9C2A01B-9F26-4216-9CE9-BA2F5EE53286}
		{E9C2A01B-9F26-4216-9CE9-BA2F5EE53286} = {7F0E53FB-559F-4FD4-A51E-6191979BF6D2}
		{9607D4CC-48A2-4EC1-98C5-E89246F8689A} = {7F0E53FB-559F-4FD4-A51E-6191979BF6D2}
	EndGlobalSection
	GlobalSection(ExtensibilityGlobals) = postSolution
		SolutionGuid = {3D79A2E7-C40E-4925-B609-5FCE86C846EE}
	EndGlobalSection
EndGlobal
